// !$*UTF8*$!
{
	archiveVersion = 1;
	classes = {
	};
	objectVersion = 46;
	objects = {

/* Begin PBXBuildFile section */
		184F75931E2CB2E300786379 /* SSFuncButton.m in Sources */ = {isa = PBXBuildFile; fileRef = 184F75921E2CB2E300786379 /* SSFuncButton.m */; };
		184F759C1E2CC4F900786379 /* SSTipViewController.m in Sources */ = {isa = PBXBuildFile; fileRef = 184F759A1E2CC4F900786379 /* SSTipViewController.m */; };
		184F759D1E2CC4F900786379 /* SSTipViewController.xib in Resources */ = {isa = PBXBuildFile; fileRef = 184F759B1E2CC4F900786379 /* SSTipViewController.xib */; };
		184F75BC1E2CE3EF00786379 /* SSInfoTableHeadButton.m in Sources */ = {isa = PBXBuildFile; fileRef = 184F75BB1E2CE3EF00786379 /* SSInfoTableHeadButton.m */; };
		18510DE31E30CDF900E5FE48 /* SSTipTableViewCell.m in Sources */ = {isa = PBXBuildFile; fileRef = 18510DE11E30CDF900E5FE48 /* SSTipTableViewCell.m */; };
		18510DE41E30CDF900E5FE48 /* SSTipTableViewCell.xib in Resources */ = {isa = PBXBuildFile; fileRef = 18510DE21E30CDF900E5FE48 /* SSTipTableViewCell.xib */; };
		18510DE61E30D56F00E5FE48 /* SSAddTipView.xib in Resources */ = {isa = PBXBuildFile; fileRef = 18510DE51E30D56F00E5FE48 /* SSAddTipView.xib */; };
		18510DE91E30D5D400E5FE48 /* SSAddTipView.m in Sources */ = {isa = PBXBuildFile; fileRef = 18510DE81E30D5D400E5FE48 /* SSAddTipView.m */; };
		185867871E271E85000A57C0 /* SSRobotDetailViewController.m in Sources */ = {isa = PBXBuildFile; fileRef = 1858676D1E271E85000A57C0 /* SSRobotDetailViewController.m */; };
		185867881E271E85000A57C0 /* SSSlideView.m in Sources */ = {isa = PBXBuildFile; fileRef = 185867711E271E85000A57C0 /* SSSlideView.m */; };
		1858678A1E271E85000A57C0 /* SSFunctionViewController.m in Sources */ = {isa = PBXBuildFile; fileRef = 1858677B1E271E85000A57C0 /* SSFunctionViewController.m */; };
		1858678B1E271E85000A57C0 /* SSInformationViewController.m in Sources */ = {isa = PBXBuildFile; fileRef = 185867811E271E85000A57C0 /* SSInformationViewController.m */; };
		1858678C1E271E85000A57C0 /* SSMainViewController.m in Sources */ = {isa = PBXBuildFile; fileRef = 185867861E271E85000A57C0 /* SSMainViewController.m */; };
		185867901E271EBC000A57C0 /* SSFuncViewController.m in Sources */ = {isa = PBXBuildFile; fileRef = 1858678F1E271EBC000A57C0 /* SSFuncViewController.m */; };
		185867941E275D4A000A57C0 /* SSLoginViewController.m in Sources */ = {isa = PBXBuildFile; fileRef = 185867921E275D4A000A57C0 /* SSLoginViewController.m */; };
		185867951E275D4A000A57C0 /* SSLoginViewController.xib in Resources */ = {isa = PBXBuildFile; fileRef = 185867931E275D4A000A57C0 /* SSLoginViewController.xib */; };
		1858679D1E2795CD000A57C0 /* SSRegistMemberViewController.m in Sources */ = {isa = PBXBuildFile; fileRef = 1858679B1E2795CD000A57C0 /* SSRegistMemberViewController.m */; };
		1858679E1E2795CD000A57C0 /* SSRegistMemberViewController.xib in Resources */ = {isa = PBXBuildFile; fileRef = 1858679C1E2795CD000A57C0 /* SSRegistMemberViewController.xib */; };
		1858B0A81E3200280006331B /* SSTipModel.m in Sources */ = {isa = PBXBuildFile; fileRef = 1858B0A71E3200280006331B /* SSTipModel.m */; };
		1858B0AC1E3207250006331B /* SSFamilyNumViewController.m in Sources */ = {isa = PBXBuildFile; fileRef = 1858B0AA1E3207250006331B /* SSFamilyNumViewController.m */; };
		1858B0AD1E3207250006331B /* SSFamilyNumViewController.xib in Resources */ = {isa = PBXBuildFile; fileRef = 1858B0AB1E3207250006331B /* SSFamilyNumViewController.xib */; };
		1858B0B11E32074B0006331B /* SSFamilyNumTableViewCell.m in Sources */ = {isa = PBXBuildFile; fileRef = 1858B0AF1E32074B0006331B /* SSFamilyNumTableViewCell.m */; };
		1858B0B21E32074B0006331B /* SSFamilyNumTableViewCell.xib in Resources */ = {isa = PBXBuildFile; fileRef = 1858B0B01E32074B0006331B /* SSFamilyNumTableViewCell.xib */; };
		185DC0B61E1C8A46009C0395 /* main.m in Sources */ = {isa = PBXBuildFile; fileRef = 185DC0B51E1C8A46009C0395 /* main.m */; };
		185DC0B91E1C8A46009C0395 /* AppDelegate.m in Sources */ = {isa = PBXBuildFile; fileRef = 185DC0B81E1C8A46009C0395 /* AppDelegate.m */; };
		185DC0BF1E1C8A46009C0395 /* Main.storyboard in Resources */ = {isa = PBXBuildFile; fileRef = 185DC0BD1E1C8A46009C0395 /* Main.storyboard */; };
		185DC0C11E1C8A46009C0395 /* Assets.xcassets in Resources */ = {isa = PBXBuildFile; fileRef = 185DC0C01E1C8A46009C0395 /* Assets.xcassets */; };
		185DC0C41E1C8A46009C0395 /* LaunchScreen.storyboard in Resources */ = {isa = PBXBuildFile; fileRef = 185DC0C21E1C8A46009C0395 /* LaunchScreen.storyboard */; };
		185DC0CF1E1C8A46009C0395 /* RobotControlTests.m in Sources */ = {isa = PBXBuildFile; fileRef = 185DC0CE1E1C8A46009C0395 /* RobotControlTests.m */; };
		185DC0DA1E1C8A46009C0395 /* RobotControlUITests.m in Sources */ = {isa = PBXBuildFile; fileRef = 185DC0D91E1C8A46009C0395 /* RobotControlUITests.m */; };
		18628D151E2DE9F200E01C5E /* SSSetViewController.m in Sources */ = {isa = PBXBuildFile; fileRef = 18628D131E2DE9F200E01C5E /* SSSetViewController.m */; };
		18628D161E2DE9F200E01C5E /* SSSetViewController.xib in Resources */ = {isa = PBXBuildFile; fileRef = 18628D141E2DE9F200E01C5E /* SSSetViewController.xib */; };
		1871F3891E28CB72006B423B /* SSHomePageViewController.m in Sources */ = {isa = PBXBuildFile; fileRef = 1871F3871E28CB72006B423B /* SSHomePageViewController.m */; };
		1871F38A1E28CB72006B423B /* SSHomePageViewController.xib in Resources */ = {isa = PBXBuildFile; fileRef = 1871F3881E28CB72006B423B /* SSHomePageViewController.xib */; };
		69F809198EAFCABA192B7C38 /* libPods-RobotControl.a in Frameworks */ = {isa = PBXBuildFile; fileRef = B6BC03F3DBFEF33943BFEFAD /* libPods-RobotControl.a */; };
/* End PBXBuildFile section */

/* Begin PBXContainerItemProxy section */
		185DC0CB1E1C8A46009C0395 /* PBXContainerItemProxy */ = {
			isa = PBXContainerItemProxy;
			containerPortal = 185DC0A91E1C8A46009C0395 /* Project object */;
			proxyType = 1;
			remoteGlobalIDString = 185DC0B01E1C8A46009C0395;
			remoteInfo = RobotControl;
		};
		185DC0D61E1C8A46009C0395 /* PBXContainerItemProxy */ = {
			isa = PBXContainerItemProxy;
			containerPortal = 185DC0A91E1C8A46009C0395 /* Project object */;
			proxyType = 1;
			remoteGlobalIDString = 185DC0B01E1C8A46009C0395;
			remoteInfo = RobotControl;
		};
/* End PBXContainerItemProxy section */

/* Begin PBXFileReference section */
		18343D6C1E24FB1E00465590 /* PrefixHeader.pch */ = {isa = PBXFileReference; lastKnownFileType = sourcecode.c.h; path = PrefixHeader.pch; sourceTree = "<group>"; };
		18343D6D1E24FD3900465590 /* common.h */ = {isa = PBXFileReference; lastKnownFileType = sourcecode.c.h; path = common.h; sourceTree = "<group>"; };
		184F75911E2CB2E300786379 /* SSFuncButton.h */ = {isa = PBXFileReference; fileEncoding = 4; lastKnownFileType = sourcecode.c.h; path = SSFuncButton.h; sourceTree = "<group>"; };
		184F75921E2CB2E300786379 /* SSFuncButton.m */ = {isa = PBXFileReference; fileEncoding = 4; lastKnownFileType = sourcecode.c.objc; path = SSFuncButton.m; sourceTree = "<group>"; };
		184F75991E2CC4F900786379 /* SSTipViewController.h */ = {isa = PBXFileReference; fileEncoding = 4; lastKnownFileType = sourcecode.c.h; path = SSTipViewController.h; sourceTree = "<group>"; };
		184F759A1E2CC4F900786379 /* SSTipViewController.m */ = {isa = PBXFileReference; fileEncoding = 4; lastKnownFileType = sourcecode.c.objc; path = SSTipViewController.m; sourceTree = "<group>"; };
		184F759B1E2CC4F900786379 /* SSTipViewController.xib */ = {isa = PBXFileReference; fileEncoding = 4; lastKnownFileType = file.xib; path = SSTipViewController.xib; sourceTree = "<group>"; };
		184F75BA1E2CE3EF00786379 /* SSInfoTableHeadButton.h */ = {isa = PBXFileReference; fileEncoding = 4; lastKnownFileType = sourcecode.c.h; path = SSInfoTableHeadButton.h; sourceTree = "<group>"; };
		184F75BB1E2CE3EF00786379 /* SSInfoTableHeadButton.m */ = {isa = PBXFileReference; fileEncoding = 4; lastKnownFileType = sourcecode.c.objc; path = SSInfoTableHeadButton.m; sourceTree = "<group>"; };
		18510DE01E30CDF900E5FE48 /* SSTipTableViewCell.h */ = {isa = PBXFileReference; fileEncoding = 4; lastKnownFileType = sourcecode.c.h; path = SSTipTableViewCell.h; sourceTree = "<group>"; };
		18510DE11E30CDF900E5FE48 /* SSTipTableViewCell.m */ = {isa = PBXFileReference; fileEncoding = 4; lastKnownFileType = sourcecode.c.objc; path = SSTipTableViewCell.m; sourceTree = "<group>"; };
		18510DE21E30CDF900E5FE48 /* SSTipTableViewCell.xib */ = {isa = PBXFileReference; fileEncoding = 4; lastKnownFileType = file.xib; path = SSTipTableViewCell.xib; sourceTree = "<group>"; };
		18510DE51E30D56F00E5FE48 /* SSAddTipView.xib */ = {isa = PBXFileReference; fileEncoding = 4; lastKnownFileType = file.xib; name = SSAddTipView.xib; path = ../Controller/SSAddTipView.xib; sourceTree = "<group>"; };
		18510DE71E30D5D400E5FE48 /* SSAddTipView.h */ = {isa = PBXFileReference; fileEncoding = 4; lastKnownFileType = sourcecode.c.h; path = SSAddTipView.h; sourceTree = "<group>"; };
		18510DE81E30D5D400E5FE48 /* SSAddTipView.m */ = {isa = PBXFileReference; fileEncoding = 4; lastKnownFileType = sourcecode.c.objc; path = SSAddTipView.m; sourceTree = "<group>"; };
		1858676C1E271E85000A57C0 /* SSRobotDetailViewController.h */ = {isa = PBXFileReference; fileEncoding = 4; lastKnownFileType = sourcecode.c.h; path = SSRobotDetailViewController.h; sourceTree = "<group>"; };
		1858676D1E271E85000A57C0 /* SSRobotDetailViewController.m */ = {isa = PBXFileReference; fileEncoding = 4; lastKnownFileType = sourcecode.c.objc; path = SSRobotDetailViewController.m; sourceTree = "<group>"; };
		185867701E271E85000A57C0 /* SSSlideView.h */ = {isa = PBXFileReference; fileEncoding = 4; lastKnownFileType = sourcecode.c.h; path = SSSlideView.h; sourceTree = "<group>"; };
		185867711E271E85000A57C0 /* SSSlideView.m */ = {isa = PBXFileReference; fileEncoding = 4; lastKnownFileType = sourcecode.c.objc; path = SSSlideView.m; sourceTree = "<group>"; };
		1858677A1E271E85000A57C0 /* SSFunctionViewController.h */ = {isa = PBXFileReference; fileEncoding = 4; lastKnownFileType = sourcecode.c.h; path = SSFunctionViewController.h; sourceTree = "<group>"; };
		1858677B1E271E85000A57C0 /* SSFunctionViewController.m */ = {isa = PBXFileReference; fileEncoding = 4; lastKnownFileType = sourcecode.c.objc; path = SSFunctionViewController.m; sourceTree = "<group>"; };
		185867801E271E85000A57C0 /* SSInformationViewController.h */ = {isa = PBXFileReference; fileEncoding = 4; lastKnownFileType = sourcecode.c.h; path = SSInformationViewController.h; sourceTree = "<group>"; };
		185867811E271E85000A57C0 /* SSInformationViewController.m */ = {isa = PBXFileReference; fileEncoding = 4; lastKnownFileType = sourcecode.c.objc; path = SSInformationViewController.m; sourceTree = "<group>"; };
		185867851E271E85000A57C0 /* SSMainViewController.h */ = {isa = PBXFileReference; fileEncoding = 4; lastKnownFileType = sourcecode.c.h; path = SSMainViewController.h; sourceTree = "<group>"; };
		185867861E271E85000A57C0 /* SSMainViewController.m */ = {isa = PBXFileReference; fileEncoding = 4; lastKnownFileType = sourcecode.c.objc; path = SSMainViewController.m; sourceTree = "<group>"; };
		1858678E1E271EBC000A57C0 /* SSFuncViewController.h */ = {isa = PBXFileReference; fileEncoding = 4; lastKnownFileType = sourcecode.c.h; path = SSFuncViewController.h; sourceTree = "<group>"; };
		1858678F1E271EBC000A57C0 /* SSFuncViewController.m */ = {isa = PBXFileReference; fileEncoding = 4; lastKnownFileType = sourcecode.c.objc; path = SSFuncViewController.m; sourceTree = "<group>"; };
		185867911E275D4A000A57C0 /* SSLoginViewController.h */ = {isa = PBXFileReference; fileEncoding = 4; lastKnownFileType = sourcecode.c.h; path = SSLoginViewController.h; sourceTree = "<group>"; };
		185867921E275D4A000A57C0 /* SSLoginViewController.m */ = {isa = PBXFileReference; fileEncoding = 4; lastKnownFileType = sourcecode.c.objc; path = SSLoginViewController.m; sourceTree = "<group>"; };
		185867931E275D4A000A57C0 /* SSLoginViewController.xib */ = {isa = PBXFileReference; fileEncoding = 4; lastKnownFileType = file.xib; path = SSLoginViewController.xib; sourceTree = "<group>"; };
		1858679A1E2795CD000A57C0 /* SSRegistMemberViewController.h */ = {isa = PBXFileReference; fileEncoding = 4; lastKnownFileType = sourcecode.c.h; path = SSRegistMemberViewController.h; sourceTree = "<group>"; };
		1858679B1E2795CD000A57C0 /* SSRegistMemberViewController.m */ = {isa = PBXFileReference; fileEncoding = 4; lastKnownFileType = sourcecode.c.objc; path = SSRegistMemberViewController.m; sourceTree = "<group>"; };
		1858679C1E2795CD000A57C0 /* SSRegistMemberViewController.xib */ = {isa = PBXFileReference; fileEncoding = 4; lastKnownFileType = file.xib; path = SSRegistMemberViewController.xib; sourceTree = "<group>"; };
		1858B0A61E3200280006331B /* SSTipModel.h */ = {isa = PBXFileReference; fileEncoding = 4; lastKnownFileType = sourcecode.c.h; path = SSTipModel.h; sourceTree = "<group>"; };
		1858B0A71E3200280006331B /* SSTipModel.m */ = {isa = PBXFileReference; fileEncoding = 4; lastKnownFileType = sourcecode.c.objc; path = SSTipModel.m; sourceTree = "<group>"; };
		1858B0A91E3207250006331B /* SSFamilyNumViewController.h */ = {isa = PBXFileReference; fileEncoding = 4; lastKnownFileType = sourcecode.c.h; path = SSFamilyNumViewController.h; sourceTree = "<group>"; };
		1858B0AA1E3207250006331B /* SSFamilyNumViewController.m */ = {isa = PBXFileReference; fileEncoding = 4; lastKnownFileType = sourcecode.c.objc; path = SSFamilyNumViewController.m; sourceTree = "<group>"; };
		1858B0AB1E3207250006331B /* SSFamilyNumViewController.xib */ = {isa = PBXFileReference; fileEncoding = 4; lastKnownFileType = file.xib; path = SSFamilyNumViewController.xib; sourceTree = "<group>"; };
		1858B0AE1E32074B0006331B /* SSFamilyNumTableViewCell.h */ = {isa = PBXFileReference; fileEncoding = 4; lastKnownFileType = sourcecode.c.h; path = SSFamilyNumTableViewCell.h; sourceTree = "<group>"; };
		1858B0AF1E32074B0006331B /* SSFamilyNumTableViewCell.m */ = {isa = PBXFileReference; fileEncoding = 4; lastKnownFileType = sourcecode.c.objc; path = SSFamilyNumTableViewCell.m; sourceTree = "<group>"; };
		1858B0B01E32074B0006331B /* SSFamilyNumTableViewCell.xib */ = {isa = PBXFileReference; fileEncoding = 4; lastKnownFileType = file.xib; path = SSFamilyNumTableViewCell.xib; sourceTree = "<group>"; };
		185DC0B11E1C8A46009C0395 /* RobotControl.app */ = {isa = PBXFileReference; explicitFileType = wrapper.application; includeInIndex = 0; path = RobotControl.app; sourceTree = BUILT_PRODUCTS_DIR; };
		185DC0B51E1C8A46009C0395 /* main.m */ = {isa = PBXFileReference; lastKnownFileType = sourcecode.c.objc; path = main.m; sourceTree = "<group>"; };
		185DC0B71E1C8A46009C0395 /* AppDelegate.h */ = {isa = PBXFileReference; lastKnownFileType = sourcecode.c.h; path = AppDelegate.h; sourceTree = "<group>"; };
		185DC0B81E1C8A46009C0395 /* AppDelegate.m */ = {isa = PBXFileReference; lastKnownFileType = sourcecode.c.objc; path = AppDelegate.m; sourceTree = "<group>"; };
		185DC0BE1E1C8A46009C0395 /* Base */ = {isa = PBXFileReference; lastKnownFileType = file.storyboard; name = Base; path = Base.lproj/Main.storyboard; sourceTree = "<group>"; };
		185DC0C01E1C8A46009C0395 /* Assets.xcassets */ = {isa = PBXFileReference; lastKnownFileType = folder.assetcatalog; path = Assets.xcassets; sourceTree = "<group>"; };
		185DC0C31E1C8A46009C0395 /* Base */ = {isa = PBXFileReference; lastKnownFileType = file.storyboard; name = Base; path = Base.lproj/LaunchScreen.storyboard; sourceTree = "<group>"; };
		185DC0C51E1C8A46009C0395 /* Info.plist */ = {isa = PBXFileReference; lastKnownFileType = text.plist.xml; path = Info.plist; sourceTree = "<group>"; };
		185DC0CA1E1C8A46009C0395 /* RobotControlTests.xctest */ = {isa = PBXFileReference; explicitFileType = wrapper.cfbundle; includeInIndex = 0; path = RobotControlTests.xctest; sourceTree = BUILT_PRODUCTS_DIR; };
		185DC0CE1E1C8A46009C0395 /* RobotControlTests.m */ = {isa = PBXFileReference; lastKnownFileType = sourcecode.c.objc; path = RobotControlTests.m; sourceTree = "<group>"; };
		185DC0D01E1C8A46009C0395 /* Info.plist */ = {isa = PBXFileReference; lastKnownFileType = text.plist.xml; path = Info.plist; sourceTree = "<group>"; };
		185DC0D51E1C8A46009C0395 /* RobotControlUITests.xctest */ = {isa = PBXFileReference; explicitFileType = wrapper.cfbundle; includeInIndex = 0; path = RobotControlUITests.xctest; sourceTree = BUILT_PRODUCTS_DIR; };
		185DC0D91E1C8A46009C0395 /* RobotControlUITests.m */ = {isa = PBXFileReference; lastKnownFileType = sourcecode.c.objc; path = RobotControlUITests.m; sourceTree = "<group>"; };
		185DC0DB1E1C8A46009C0395 /* Info.plist */ = {isa = PBXFileReference; lastKnownFileType = text.plist.xml; path = Info.plist; sourceTree = "<group>"; };
		18628D121E2DE9F200E01C5E /* SSSetViewController.h */ = {isa = PBXFileReference; fileEncoding = 4; lastKnownFileType = sourcecode.c.h; path = SSSetViewController.h; sourceTree = "<group>"; };
		18628D131E2DE9F200E01C5E /* SSSetViewController.m */ = {isa = PBXFileReference; fileEncoding = 4; lastKnownFileType = sourcecode.c.objc; path = SSSetViewController.m; sourceTree = "<group>"; };
		18628D141E2DE9F200E01C5E /* SSSetViewController.xib */ = {isa = PBXFileReference; fileEncoding = 4; lastKnownFileType = file.xib; path = SSSetViewController.xib; sourceTree = "<group>"; };
		1871F3861E28CB72006B423B /* SSHomePageViewController.h */ = {isa = PBXFileReference; fileEncoding = 4; lastKnownFileType = sourcecode.c.h; path = SSHomePageViewController.h; sourceTree = "<group>"; };
		1871F3871E28CB72006B423B /* SSHomePageViewController.m */ = {isa = PBXFileReference; fileEncoding = 4; lastKnownFileType = sourcecode.c.objc; path = SSHomePageViewController.m; sourceTree = "<group>"; };
		1871F3881E28CB72006B423B /* SSHomePageViewController.xib */ = {isa = PBXFileReference; fileEncoding = 4; lastKnownFileType = file.xib; path = SSHomePageViewController.xib; sourceTree = "<group>"; };
		79632DE4CC05FE7B43FE078F /* Pods-RobotControl.debug.xcconfig */ = {isa = PBXFileReference; includeInIndex = 1; lastKnownFileType = text.xcconfig; name = "Pods-RobotControl.debug.xcconfig"; path = "Pods/Target Support Files/Pods-RobotControl/Pods-RobotControl.debug.xcconfig"; sourceTree = "<group>"; };
		7D6D0D267196545C8B6F8894 /* Pods-RobotControl.release.xcconfig */ = {isa = PBXFileReference; includeInIndex = 1; lastKnownFileType = text.xcconfig; name = "Pods-RobotControl.release.xcconfig"; path = "Pods/Target Support Files/Pods-RobotControl/Pods-RobotControl.release.xcconfig"; sourceTree = "<group>"; };
		B6BC03F3DBFEF33943BFEFAD /* libPods-RobotControl.a */ = {isa = PBXFileReference; explicitFileType = archive.ar; includeInIndex = 0; path = "libPods-RobotControl.a"; sourceTree = BUILT_PRODUCTS_DIR; };
/* End PBXFileReference section */

/* Begin PBXFrameworksBuildPhase section */
		185DC0AE1E1C8A46009C0395 /* Frameworks */ = {
			isa = PBXFrameworksBuildPhase;
			buildActionMask = 2147483647;
			files = (
				69F809198EAFCABA192B7C38 /* libPods-RobotControl.a in Frameworks */,
			);
			runOnlyForDeploymentPostprocessing = 0;
		};
		185DC0C71E1C8A46009C0395 /* Frameworks */ = {
			isa = PBXFrameworksBuildPhase;
			buildActionMask = 2147483647;
			files = (
			);
			runOnlyForDeploymentPostprocessing = 0;
		};
		185DC0D21E1C8A46009C0395 /* Frameworks */ = {
			isa = PBXFrameworksBuildPhase;
			buildActionMask = 2147483647;
			files = (
			);
			runOnlyForDeploymentPostprocessing = 0;
		};
/* End PBXFrameworksBuildPhase section */

/* Begin PBXGroup section */
		184F75941E2CC4E000786379 /* 功能 */ = {
			isa = PBXGroup;
			children = (
				184F759E1E2CC6D200786379 /* 打电话 */,
				184F75A21E2CC6D200786379 /* 动作组 */,
				184F75A61E2CC6D200786379 /* 家居控制 */,
				184F75AA1E2CC6D200786379 /* 亲情号码 */,
				184F75AE1E2CC6D200786379 /* 视频监控 */,
				184F75B21E2CC6D200786379 /* 微聊 */,
				184F75B61E2CC6D200786379 /* WIFI扫码 */,
				184F75951E2CC4E000786379 /* 日常提醒 */,
			);
			path = "功能";
			sourceTree = "<group>";
		};
		184F75951E2CC4E000786379 /* 日常提醒 */ = {
			isa = PBXGroup;
			children = (
				184F75961E2CC4E000786379 /* Controller */,
				184F75971E2CC4E000786379 /* Model */,
				184F75981E2CC4E000786379 /* View */,
			);
			path = "日常提醒";
			sourceTree = "<group>";
		};
		184F75961E2CC4E000786379 /* Controller */ = {
			isa = PBXGroup;
			children = (
				184F75991E2CC4F900786379 /* SSTipViewController.h */,
				184F759A1E2CC4F900786379 /* SSTipViewController.m */,
				184F759B1E2CC4F900786379 /* SSTipViewController.xib */,
			);
			path = Controller;
			sourceTree = "<group>";
		};
		184F75971E2CC4E000786379 /* Model */ = {
			isa = PBXGroup;
			children = (
				1858B0A61E3200280006331B /* SSTipModel.h */,
				1858B0A71E3200280006331B /* SSTipModel.m */,
			);
			path = Model;
			sourceTree = "<group>";
		};
		184F75981E2CC4E000786379 /* View */ = {
			isa = PBXGroup;
			children = (
				18510DE51E30D56F00E5FE48 /* SSAddTipView.xib */,
				18510DE01E30CDF900E5FE48 /* SSTipTableViewCell.h */,
				18510DE11E30CDF900E5FE48 /* SSTipTableViewCell.m */,
				18510DE21E30CDF900E5FE48 /* SSTipTableViewCell.xib */,
				18510DE71E30D5D400E5FE48 /* SSAddTipView.h */,
				18510DE81E30D5D400E5FE48 /* SSAddTipView.m */,
			);
			path = View;
			sourceTree = "<group>";
		};
		184F759E1E2CC6D200786379 /* 打电话 */ = {
			isa = PBXGroup;
			children = (
				184F759F1E2CC6D200786379 /* Controller */,
				184F75A01E2CC6D200786379 /* Model */,
				184F75A11E2CC6D200786379 /* View */,
			);
			path = "打电话";
			sourceTree = "<group>";
		};
		184F759F1E2CC6D200786379 /* Controller */ = {
			isa = PBXGroup;
			children = (
			);
			path = Controller;
			sourceTree = "<group>";
		};
		184F75A01E2CC6D200786379 /* Model */ = {
			isa = PBXGroup;
			children = (
			);
			path = Model;
			sourceTree = "<group>";
		};
		184F75A11E2CC6D200786379 /* View */ = {
			isa = PBXGroup;
			children = (
			);
			path = View;
			sourceTree = "<group>";
		};
		184F75A21E2CC6D200786379 /* 动作组 */ = {
			isa = PBXGroup;
			children = (
				184F75A31E2CC6D200786379 /* Controller */,
				184F75A41E2CC6D200786379 /* Model */,
				184F75A51E2CC6D200786379 /* View */,
			);
			path = "动作组";
			sourceTree = "<group>";
		};
		184F75A31E2CC6D200786379 /* Controller */ = {
			isa = PBXGroup;
			children = (
			);
			path = Controller;
			sourceTree = "<group>";
		};
		184F75A41E2CC6D200786379 /* Model */ = {
			isa = PBXGroup;
			children = (
			);
			path = Model;
			sourceTree = "<group>";
		};
		184F75A51E2CC6D200786379 /* View */ = {
			isa = PBXGroup;
			children = (
			);
			path = View;
			sourceTree = "<group>";
		};
		184F75A61E2CC6D200786379 /* 家居控制 */ = {
			isa = PBXGroup;
			children = (
				184F75A71E2CC6D200786379 /* Controller */,
				184F75A81E2CC6D200786379 /* Model */,
				184F75A91E2CC6D200786379 /* View */,
			);
			path = "家居控制";
			sourceTree = "<group>";
		};
		184F75A71E2CC6D200786379 /* Controller */ = {
			isa = PBXGroup;
			children = (
			);
			path = Controller;
			sourceTree = "<group>";
		};
		184F75A81E2CC6D200786379 /* Model */ = {
			isa = PBXGroup;
			children = (
			);
			path = Model;
			sourceTree = "<group>";
		};
		184F75A91E2CC6D200786379 /* View */ = {
			isa = PBXGroup;
			children = (
			);
			path = View;
			sourceTree = "<group>";
		};
		184F75AA1E2CC6D200786379 /* 亲情号码 */ = {
			isa = PBXGroup;
			children = (
				184F75AB1E2CC6D200786379 /* Controller */,
				184F75AC1E2CC6D200786379 /* Model */,
				184F75AD1E2CC6D200786379 /* View */,
			);
			path = "亲情号码";
			sourceTree = "<group>";
		};
		184F75AB1E2CC6D200786379 /* Controller */ = {
			isa = PBXGroup;
			children = (
				1858B0A91E3207250006331B /* SSFamilyNumViewController.h */,
				1858B0AA1E3207250006331B /* SSFamilyNumViewController.m */,
				1858B0AB1E3207250006331B /* SSFamilyNumViewController.xib */,
			);
			path = Controller;
			sourceTree = "<group>";
		};
		184F75AC1E2CC6D200786379 /* Model */ = {
			isa = PBXGroup;
			children = (
			);
			path = Model;
			sourceTree = "<group>";
		};
		184F75AD1E2CC6D200786379 /* View */ = {
			isa = PBXGroup;
			children = (
				1858B0AE1E32074B0006331B /* SSFamilyNumTableViewCell.h */,
				1858B0AF1E32074B0006331B /* SSFamilyNumTableViewCell.m */,
				1858B0B01E32074B0006331B /* SSFamilyNumTableViewCell.xib */,
			);
			path = View;
			sourceTree = "<group>";
		};
		184F75AE1E2CC6D200786379 /* 视频监控 */ = {
			isa = PBXGroup;
			children = (
				184F75AF1E2CC6D200786379 /* Controller */,
				184F75B01E2CC6D200786379 /* Model */,
				184F75B11E2CC6D200786379 /* View */,
			);
			path = "视频监控";
			sourceTree = "<group>";
		};
		184F75AF1E2CC6D200786379 /* Controller */ = {
			isa = PBXGroup;
			children = (
			);
			path = Controller;
			sourceTree = "<group>";
		};
		184F75B01E2CC6D200786379 /* Model */ = {
			isa = PBXGroup;
			children = (
			);
			path = Model;
			sourceTree = "<group>";
		};
		184F75B11E2CC6D200786379 /* View */ = {
			isa = PBXGroup;
			children = (
			);
			path = View;
			sourceTree = "<group>";
		};
		184F75B21E2CC6D200786379 /* 微聊 */ = {
			isa = PBXGroup;
			children = (
				184F75B31E2CC6D200786379 /* Controller */,
				184F75B41E2CC6D200786379 /* Model */,
				184F75B51E2CC6D200786379 /* View */,
			);
			path = "微聊";
			sourceTree = "<group>";
		};
		184F75B31E2CC6D200786379 /* Controller */ = {
			isa = PBXGroup;
			children = (
			);
			path = Controller;
			sourceTree = "<group>";
		};
		184F75B41E2CC6D200786379 /* Model */ = {
			isa = PBXGroup;
			children = (
			);
			path = Model;
			sourceTree = "<group>";
		};
		184F75B51E2CC6D200786379 /* View */ = {
			isa = PBXGroup;
			children = (
			);
			path = View;
			sourceTree = "<group>";
		};
		184F75B61E2CC6D200786379 /* WIFI扫码 */ = {
			isa = PBXGroup;
			children = (
				184F75B71E2CC6D200786379 /* Controller */,
				184F75B81E2CC6D200786379 /* Model */,
				184F75B91E2CC6D200786379 /* View */,
			);
			path = "WIFI扫码";
			sourceTree = "<group>";
		};
		184F75B71E2CC6D200786379 /* Controller */ = {
			isa = PBXGroup;
			children = (
			);
			path = Controller;
			sourceTree = "<group>";
		};
		184F75B81E2CC6D200786379 /* Model */ = {
			isa = PBXGroup;
			children = (
			);
			path = Model;
			sourceTree = "<group>";
		};
		184F75B91E2CC6D200786379 /* View */ = {
			isa = PBXGroup;
			children = (
			);
			path = View;
			sourceTree = "<group>";
		};
		1858676A1E271E85000A57C0 /* 侧栏 */ = {
			isa = PBXGroup;
			children = (
				1858676B1E271E85000A57C0 /* Controller */,
				1858676E1E271E85000A57C0 /* Model */,
				1858676F1E271E85000A57C0 /* View */,
			);
			path = "侧栏";
			sourceTree = "<group>";
		};
		1858676B1E271E85000A57C0 /* Controller */ = {
			isa = PBXGroup;
			children = (
				1858676C1E271E85000A57C0 /* SSRobotDetailViewController.h */,
				1858676D1E271E85000A57C0 /* SSRobotDetailViewController.m */,
				18628D121E2DE9F200E01C5E /* SSSetViewController.h */,
				18628D131E2DE9F200E01C5E /* SSSetViewController.m */,
				18628D141E2DE9F200E01C5E /* SSSetViewController.xib */,
			);
			path = Controller;
			sourceTree = "<group>";
		};
		1858676E1E271E85000A57C0 /* Model */ = {
			isa = PBXGroup;
			children = (
			);
			path = Model;
			sourceTree = "<group>";
		};
		1858676F1E271E85000A57C0 /* View */ = {
			isa = PBXGroup;
			children = (
				185867701E271E85000A57C0 /* SSSlideView.h */,
				185867711E271E85000A57C0 /* SSSlideView.m */,
				184F75BA1E2CE3EF00786379 /* SSInfoTableHeadButton.h */,
				184F75BB1E2CE3EF00786379 /* SSInfoTableHeadButton.m */,
			);
			path = View;
			sourceTree = "<group>";
		};
		185867721E271E85000A57C0 /* 登录 */ = {
			isa = PBXGroup;
			children = (
				185867731E271E85000A57C0 /* Controller */,
				185867761E271E85000A57C0 /* Model */,
				185867771E271E85000A57C0 /* View */,
			);
			path = "登录";
			sourceTree = "<group>";
		};
		185867731E271E85000A57C0 /* Controller */ = {
			isa = PBXGroup;
			children = (
				185867911E275D4A000A57C0 /* SSLoginViewController.h */,
				185867921E275D4A000A57C0 /* SSLoginViewController.m */,
				185867931E275D4A000A57C0 /* SSLoginViewController.xib */,
			);
			path = Controller;
			sourceTree = "<group>";
		};
		185867761E271E85000A57C0 /* Model */ = {
			isa = PBXGroup;
			children = (
			);
			path = Model;
			sourceTree = "<group>";
		};
		185867771E271E85000A57C0 /* View */ = {
			isa = PBXGroup;
			children = (
			);
			path = View;
			sourceTree = "<group>";
		};
		185867781E271E85000A57C0 /* 首页 */ = {
			isa = PBXGroup;
			children = (
				184F75941E2CC4E000786379 /* 功能 */,
				185867791E271E85000A57C0 /* Controller */,
				1858677C1E271E85000A57C0 /* Model */,
				1858677D1E271E85000A57C0 /* View */,
			);
			path = "首页";
			sourceTree = "<group>";
		};
		185867791E271E85000A57C0 /* Controller */ = {
			isa = PBXGroup;
			children = (
				1858677A1E271E85000A57C0 /* SSFunctionViewController.h */,
				1858677B1E271E85000A57C0 /* SSFunctionViewController.m */,
				1871F3861E28CB72006B423B /* SSHomePageViewController.h */,
				1871F3871E28CB72006B423B /* SSHomePageViewController.m */,
				1871F3881E28CB72006B423B /* SSHomePageViewController.xib */,
			);
			path = Controller;
			sourceTree = "<group>";
		};
		1858677C1E271E85000A57C0 /* Model */ = {
			isa = PBXGroup;
			children = (
			);
			path = Model;
			sourceTree = "<group>";
		};
		1858677D1E271E85000A57C0 /* View */ = {
			isa = PBXGroup;
			children = (
				184F75911E2CB2E300786379 /* SSFuncButton.h */,
				184F75921E2CB2E300786379 /* SSFuncButton.m */,
			);
			path = View;
			sourceTree = "<group>";
		};
		1858677E1E271E85000A57C0 /* 消息 */ = {
			isa = PBXGroup;
			children = (
				1858677F1E271E85000A57C0 /* Controller */,
				185867821E271E85000A57C0 /* Model */,
				185867831E271E85000A57C0 /* View */,
			);
			path = "消息";
			sourceTree = "<group>";
		};
		1858677F1E271E85000A57C0 /* Controller */ = {
			isa = PBXGroup;
			children = (
				185867801E271E85000A57C0 /* SSInformationViewController.h */,
				185867811E271E85000A57C0 /* SSInformationViewController.m */,
			);
			path = Controller;
			sourceTree = "<group>";
		};
		185867821E271E85000A57C0 /* Model */ = {
			isa = PBXGroup;
			children = (
			);
			path = Model;
			sourceTree = "<group>";
		};
		185867831E271E85000A57C0 /* View */ = {
			isa = PBXGroup;
			children = (
			);
			path = View;
			sourceTree = "<group>";
		};
		185867841E271E85000A57C0 /* 主控 */ = {
			isa = PBXGroup;
			children = (
				185867851E271E85000A57C0 /* SSMainViewController.h */,
				185867861E271E85000A57C0 /* SSMainViewController.m */,
			);
			path = "主控";
			sourceTree = "<group>";
		};
		1858678D1E271EBC000A57C0 /* Unuse */ = {
			isa = PBXGroup;
			children = (
				1858678E1E271EBC000A57C0 /* SSFuncViewController.h */,
				1858678F1E271EBC000A57C0 /* SSFuncViewController.m */,
			);
			path = Unuse;
			sourceTree = "<group>";
		};
		185867961E2795B3000A57C0 /* 注册 */ = {
			isa = PBXGroup;
			children = (
				185867971E2795B3000A57C0 /* Controller */,
				185867981E2795B3000A57C0 /* Model */,
				185867991E2795B3000A57C0 /* View */,
			);
			path = "注册";
			sourceTree = "<group>";
		};
		185867971E2795B3000A57C0 /* Controller */ = {
			isa = PBXGroup;
			children = (
				1858679A1E2795CD000A57C0 /* SSRegistMemberViewController.h */,
				1858679B1E2795CD000A57C0 /* SSRegistMemberViewController.m */,
				1858679C1E2795CD000A57C0 /* SSRegistMemberViewController.xib */,
			);
			path = Controller;
			sourceTree = "<group>";
		};
		185867981E2795B3000A57C0 /* Model */ = {
			isa = PBXGroup;
			children = (
			);
			path = Model;
			sourceTree = "<group>";
		};
		185867991E2795B3000A57C0 /* View */ = {
			isa = PBXGroup;
			children = (
			);
			path = View;
			sourceTree = "<group>";
		};
		185DC0A81E1C8A46009C0395 = {
			isa = PBXGroup;
			children = (
				185DC0B31E1C8A46009C0395 /* RobotControl */,
				185DC0CD1E1C8A46009C0395 /* RobotControlTests */,
				185DC0D81E1C8A46009C0395 /* RobotControlUITests */,
				185DC0B21E1C8A46009C0395 /* Products */,
				DDB011631C4BC149E9F74848 /* Pods */,
				3571051EBACFE013F2CF881F /* Frameworks */,
			);
			sourceTree = "<group>";
		};
		185DC0B21E1C8A46009C0395 /* Products */ = {
			isa = PBXGroup;
			children = (
				185DC0B11E1C8A46009C0395 /* RobotControl.app */,
				185DC0CA1E1C8A46009C0395 /* RobotControlTests.xctest */,
				185DC0D51E1C8A46009C0395 /* RobotControlUITests.xctest */,
			);
			name = Products;
			sourceTree = "<group>";
		};
		185DC0B31E1C8A46009C0395 /* RobotControl */ = {
			isa = PBXGroup;
			children = (
				185867961E2795B3000A57C0 /* 注册 */,
				1858678D1E271EBC000A57C0 /* Unuse */,
				1858676A1E271E85000A57C0 /* 侧栏 */,
				185867721E271E85000A57C0 /* 登录 */,
				185867781E271E85000A57C0 /* 首页 */,
				1858677E1E271E85000A57C0 /* 消息 */,
				185867841E271E85000A57C0 /* 主控 */,
				185DC0B71E1C8A46009C0395 /* AppDelegate.h */,
				185DC0B81E1C8A46009C0395 /* AppDelegate.m */,
				185DC0BD1E1C8A46009C0395 /* Main.storyboard */,
				185DC0C01E1C8A46009C0395 /* Assets.xcassets */,
				185DC0C21E1C8A46009C0395 /* LaunchScreen.storyboard */,
				185DC0C51E1C8A46009C0395 /* Info.plist */,
				185DC0B41E1C8A46009C0395 /* Supporting Files */,
			);
			path = RobotControl;
			sourceTree = "<group>";
		};
		185DC0B41E1C8A46009C0395 /* Supporting Files */ = {
			isa = PBXGroup;
			children = (
				185DC0B51E1C8A46009C0395 /* main.m */,
				18343D6C1E24FB1E00465590 /* PrefixHeader.pch */,
				18343D6D1E24FD3900465590 /* common.h */,
			);
			name = "Supporting Files";
			sourceTree = "<group>";
		};
		185DC0CD1E1C8A46009C0395 /* RobotControlTests */ = {
			isa = PBXGroup;
			children = (
				185DC0CE1E1C8A46009C0395 /* RobotControlTests.m */,
				185DC0D01E1C8A46009C0395 /* Info.plist */,
			);
			path = RobotControlTests;
			sourceTree = "<group>";
		};
		185DC0D81E1C8A46009C0395 /* RobotControlUITests */ = {
			isa = PBXGroup;
			children = (
				185DC0D91E1C8A46009C0395 /* RobotControlUITests.m */,
				185DC0DB1E1C8A46009C0395 /* Info.plist */,
			);
			path = RobotControlUITests;
			sourceTree = "<group>";
		};
		3571051EBACFE013F2CF881F /* Frameworks */ = {
			isa = PBXGroup;
			children = (
				B6BC03F3DBFEF33943BFEFAD /* libPods-RobotControl.a */,
			);
			name = Frameworks;
			sourceTree = "<group>";
		};
		DDB011631C4BC149E9F74848 /* Pods */ = {
			isa = PBXGroup;
			children = (
				79632DE4CC05FE7B43FE078F /* Pods-RobotControl.debug.xcconfig */,
				7D6D0D267196545C8B6F8894 /* Pods-RobotControl.release.xcconfig */,
			);
			name = Pods;
			sourceTree = "<group>";
		};
/* End PBXGroup section */

/* Begin PBXNativeTarget section */
		185DC0B01E1C8A46009C0395 /* RobotControl */ = {
			isa = PBXNativeTarget;
			buildConfigurationList = 185DC0DE1E1C8A46009C0395 /* Build configuration list for PBXNativeTarget "RobotControl" */;
			buildPhases = (
				C5CCAE561BC659C581DA2906 /* [CP] Check Pods Manifest.lock */,
				185DC0AD1E1C8A46009C0395 /* Sources */,
				185DC0AE1E1C8A46009C0395 /* Frameworks */,
				185DC0AF1E1C8A46009C0395 /* Resources */,
				77C80DF52EC5D04EA1ADC31C /* [CP] Embed Pods Frameworks */,
				75936D95931DF9851AB97D5F /* [CP] Copy Pods Resources */,
			);
			buildRules = (
			);
			dependencies = (
			);
			name = RobotControl;
			productName = RobotControl;
			productReference = 185DC0B11E1C8A46009C0395 /* RobotControl.app */;
			productType = "com.apple.product-type.application";
		};
		185DC0C91E1C8A46009C0395 /* RobotControlTests */ = {
			isa = PBXNativeTarget;
			buildConfigurationList = 185DC0E11E1C8A46009C0395 /* Build configuration list for PBXNativeTarget "RobotControlTests" */;
			buildPhases = (
				185DC0C61E1C8A46009C0395 /* Sources */,
				185DC0C71E1C8A46009C0395 /* Frameworks */,
				185DC0C81E1C8A46009C0395 /* Resources */,
			);
			buildRules = (
			);
			dependencies = (
				185DC0CC1E1C8A46009C0395 /* PBXTargetDependency */,
			);
			name = RobotControlTests;
			productName = RobotControlTests;
			productReference = 185DC0CA1E1C8A46009C0395 /* RobotControlTests.xctest */;
			productType = "com.apple.product-type.bundle.unit-test";
		};
		185DC0D41E1C8A46009C0395 /* RobotControlUITests */ = {
			isa = PBXNativeTarget;
			buildConfigurationList = 185DC0E41E1C8A46009C0395 /* Build configuration list for PBXNativeTarget "RobotControlUITests" */;
			buildPhases = (
				185DC0D11E1C8A46009C0395 /* Sources */,
				185DC0D21E1C8A46009C0395 /* Frameworks */,
				185DC0D31E1C8A46009C0395 /* Resources */,
			);
			buildRules = (
			);
			dependencies = (
				185DC0D71E1C8A46009C0395 /* PBXTargetDependency */,
			);
			name = RobotControlUITests;
			productName = RobotControlUITests;
			productReference = 185DC0D51E1C8A46009C0395 /* RobotControlUITests.xctest */;
			productType = "com.apple.product-type.bundle.ui-testing";
		};
/* End PBXNativeTarget section */

/* Begin PBXProject section */
		185DC0A91E1C8A46009C0395 /* Project object */ = {
			isa = PBXProject;
			attributes = {
				CLASSPREFIX = SS;
				LastUpgradeCheck = 0810;
				ORGANIZATIONNAME = ss;
				TargetAttributes = {
					185DC0B01E1C8A46009C0395 = {
						CreatedOnToolsVersion = 8.1;
						DevelopmentTeam = CT8K7DG9ZK;
						ProvisioningStyle = Automatic;
					};
					185DC0C91E1C8A46009C0395 = {
						CreatedOnToolsVersion = 8.1;
						DevelopmentTeam = CT8K7DG9ZK;
						ProvisioningStyle = Automatic;
						TestTargetID = 185DC0B01E1C8A46009C0395;
					};
					185DC0D41E1C8A46009C0395 = {
						CreatedOnToolsVersion = 8.1;
						DevelopmentTeam = CT8K7DG9ZK;
						ProvisioningStyle = Automatic;
						TestTargetID = 185DC0B01E1C8A46009C0395;
					};
				};
			};
			buildConfigurationList = 185DC0AC1E1C8A46009C0395 /* Build configuration list for PBXProject "RobotControl" */;
			compatibilityVersion = "Xcode 3.2";
			developmentRegion = English;
			hasScannedForEncodings = 0;
			knownRegions = (
				en,
				Base,
			);
			mainGroup = 185DC0A81E1C8A46009C0395;
			productRefGroup = 185DC0B21E1C8A46009C0395 /* Products */;
			projectDirPath = "";
			projectRoot = "";
			targets = (
				185DC0B01E1C8A46009C0395 /* RobotControl */,
				185DC0C91E1C8A46009C0395 /* RobotControlTests */,
				185DC0D41E1C8A46009C0395 /* RobotControlUITests */,
			);
		};
/* End PBXProject section */

/* Begin PBXResourcesBuildPhase section */
		185DC0AF1E1C8A46009C0395 /* Resources */ = {
			isa = PBXResourcesBuildPhase;
			buildActionMask = 2147483647;
			files = (
				18510DE61E30D56F00E5FE48 /* SSAddTipView.xib in Resources */,
				185867951E275D4A000A57C0 /* SSLoginViewController.xib in Resources */,
				18628D161E2DE9F200E01C5E /* SSSetViewController.xib in Resources */,
				18510DE41E30CDF900E5FE48 /* SSTipTableViewCell.xib in Resources */,
				1858679E1E2795CD000A57C0 /* SSRegistMemberViewController.xib in Resources */,
				1871F38A1E28CB72006B423B /* SSHomePageViewController.xib in Resources */,
				185DC0C41E1C8A46009C0395 /* LaunchScreen.storyboard in Resources */,
				185DC0C11E1C8A46009C0395 /* Assets.xcassets in Resources */,
				1858B0B21E32074B0006331B /* SSFamilyNumTableViewCell.xib in Resources */,
				184F759D1E2CC4F900786379 /* SSTipViewController.xib in Resources */,
				1858B0AD1E3207250006331B /* SSFamilyNumViewController.xib in Resources */,
				185DC0BF1E1C8A46009C0395 /* Main.storyboard in Resources */,
			);
			runOnlyForDeploymentPostprocessing = 0;
		};
		185DC0C81E1C8A46009C0395 /* Resources */ = {
			isa = PBXResourcesBuildPhase;
			buildActionMask = 2147483647;
			files = (
			);
			runOnlyForDeploymentPostprocessing = 0;
		};
		185DC0D31E1C8A46009C0395 /* Resources */ = {
			isa = PBXResourcesBuildPhase;
			buildActionMask = 2147483647;
			files = (
			);
			runOnlyForDeploymentPostprocessing = 0;
		};
/* End PBXResourcesBuildPhase section */

/* Begin PBXShellScriptBuildPhase section */
		75936D95931DF9851AB97D5F /* [CP] Copy Pods Resources */ = {
			isa = PBXShellScriptBuildPhase;
			buildActionMask = 2147483647;
			files = (
			);
			inputPaths = (
			);
			name = "[CP] Copy Pods Resources";
			outputPaths = (
			);
			runOnlyForDeploymentPostprocessing = 0;
			shellPath = /bin/sh;
			shellScript = "\"${SRCROOT}/Pods/Target Support Files/Pods-RobotControl/Pods-RobotControl-resources.sh\"\n";
			showEnvVarsInLog = 0;
		};
		77C80DF52EC5D04EA1ADC31C /* [CP] Embed Pods Frameworks */ = {
			isa = PBXShellScriptBuildPhase;
			buildActionMask = 2147483647;
			files = (
			);
			inputPaths = (
			);
			name = "[CP] Embed Pods Frameworks";
			outputPaths = (
			);
			runOnlyForDeploymentPostprocessing = 0;
			shellPath = /bin/sh;
			shellScript = "\"${SRCROOT}/Pods/Target Support Files/Pods-RobotControl/Pods-RobotControl-frameworks.sh\"\n";
			showEnvVarsInLog = 0;
		};
		C5CCAE561BC659C581DA2906 /* [CP] Check Pods Manifest.lock */ = {
			isa = PBXShellScriptBuildPhase;
			buildActionMask = 2147483647;
			files = (
			);
			inputPaths = (
			);
			name = "[CP] Check Pods Manifest.lock";
			outputPaths = (
			);
			runOnlyForDeploymentPostprocessing = 0;
			shellPath = /bin/sh;
			shellScript = "diff \"${PODS_ROOT}/../Podfile.lock\" \"${PODS_ROOT}/Manifest.lock\" > /dev/null\nif [ $? != 0 ] ; then\n    # print error to STDERR\n    echo \"error: The sandbox is not in sync with the Podfile.lock. Run 'pod install' or update your CocoaPods installation.\" >&2\n    exit 1\nfi\n";
			showEnvVarsInLog = 0;
		};
/* End PBXShellScriptBuildPhase section */

/* Begin PBXSourcesBuildPhase section */
		185DC0AD1E1C8A46009C0395 /* Sources */ = {
			isa = PBXSourcesBuildPhase;
			buildActionMask = 2147483647;
			files = (
				1858B0B11E32074B0006331B /* SSFamilyNumTableViewCell.m in Sources */,
				1871F3891E28CB72006B423B /* SSHomePageViewController.m in Sources */,
				1858678B1E271E85000A57C0 /* SSInformationViewController.m in Sources */,
				185867941E275D4A000A57C0 /* SSLoginViewController.m in Sources */,
				185DC0B91E1C8A46009C0395 /* AppDelegate.m in Sources */,
				1858B0AC1E3207250006331B /* SSFamilyNumViewController.m in Sources */,
				185867881E271E85000A57C0 /* SSSlideView.m in Sources */,
				18510DE31E30CDF900E5FE48 /* SSTipTableViewCell.m in Sources */,
				18628D151E2DE9F200E01C5E /* SSSetViewController.m in Sources */,
				1858B0A81E3200280006331B /* SSTipModel.m in Sources */,
				185DC0B61E1C8A46009C0395 /* main.m in Sources */,
				185867901E271EBC000A57C0 /* SSFuncViewController.m in Sources */,
				184F759C1E2CC4F900786379 /* SSTipViewController.m in Sources */,
				1858679D1E2795CD000A57C0 /* SSRegistMemberViewController.m in Sources */,
				185867871E271E85000A57C0 /* SSRobotDetailViewController.m in Sources */,
				1858678C1E271E85000A57C0 /* SSMainViewController.m in Sources */,
				1858678A1E271E85000A57C0 /* SSFunctionViewController.m in Sources */,
				18510DE91E30D5D400E5FE48 /* SSAddTipView.m in Sources */,
				184F75BC1E2CE3EF00786379 /* SSInfoTableHeadButton.m in Sources */,
				184F75931E2CB2E300786379 /* SSFuncButton.m in Sources */,
			);
			runOnlyForDeploymentPostprocessing = 0;
		};
		185DC0C61E1C8A46009C0395 /* Sources */ = {
			isa = PBXSourcesBuildPhase;
			buildActionMask = 2147483647;
			files = (
				185DC0CF1E1C8A46009C0395 /* RobotControlTests.m in Sources */,
			);
			runOnlyForDeploymentPostprocessing = 0;
		};
		185DC0D11E1C8A46009C0395 /* Sources */ = {
			isa = PBXSourcesBuildPhase;
			buildActionMask = 2147483647;
			files = (
				185DC0DA1E1C8A46009C0395 /* RobotControlUITests.m in Sources */,
			);
			runOnlyForDeploymentPostprocessing = 0;
		};
/* End PBXSourcesBuildPhase section */

/* Begin PBXTargetDependency section */
		185DC0CC1E1C8A46009C0395 /* PBXTargetDependency */ = {
			isa = PBXTargetDependency;
			target = 185DC0B01E1C8A46009C0395 /* RobotControl */;
			targetProxy = 185DC0CB1E1C8A46009C0395 /* PBXContainerItemProxy */;
		};
		185DC0D71E1C8A46009C0395 /* PBXTargetDependency */ = {
			isa = PBXTargetDependency;
			target = 185DC0B01E1C8A46009C0395 /* RobotControl */;
			targetProxy = 185DC0D61E1C8A46009C0395 /* PBXContainerItemProxy */;
		};
/* End PBXTargetDependency section */

/* Begin PBXVariantGroup section */
		185DC0BD1E1C8A46009C0395 /* Main.storyboard */ = {
			isa = PBXVariantGroup;
			children = (
				185DC0BE1E1C8A46009C0395 /* Base */,
			);
			name = Main.storyboard;
			sourceTree = "<group>";
		};
		185DC0C21E1C8A46009C0395 /* LaunchScreen.storyboard */ = {
			isa = PBXVariantGroup;
			children = (
				185DC0C31E1C8A46009C0395 /* Base */,
			);
			name = LaunchScreen.storyboard;
			sourceTree = "<group>";
		};
/* End PBXVariantGroup section */

/* Begin XCBuildConfiguration section */
		185DC0DC1E1C8A46009C0395 /* Debug */ = {
			isa = XCBuildConfiguration;
			buildSettings = {
				ALWAYS_SEARCH_USER_PATHS = NO;
				CLANG_ANALYZER_NONNULL = YES;
				CLANG_CXX_LANGUAGE_STANDARD = "gnu++0x";
				CLANG_CXX_LIBRARY = "libc++";
				CLANG_ENABLE_MODULES = YES;
				CLANG_ENABLE_OBJC_ARC = YES;
				CLANG_WARN_BOOL_CONVERSION = YES;
				CLANG_WARN_CONSTANT_CONVERSION = YES;
				CLANG_WARN_DIRECT_OBJC_ISA_USAGE = YES_ERROR;
				CLANG_WARN_DOCUMENTATION_COMMENTS = YES;
				CLANG_WARN_EMPTY_BODY = YES;
				CLANG_WARN_ENUM_CONVERSION = YES;
				CLANG_WARN_INFINITE_RECURSION = YES;
				CLANG_WARN_INT_CONVERSION = YES;
				CLANG_WARN_OBJC_ROOT_CLASS = YES_ERROR;
				CLANG_WARN_SUSPICIOUS_MOVES = YES;
				CLANG_WARN_UNREACHABLE_CODE = YES;
				CLANG_WARN__DUPLICATE_METHOD_MATCH = YES;
				"CODE_SIGN_IDENTITY[sdk=iphoneos*]" = "iPhone Developer";
				COPY_PHASE_STRIP = NO;
				DEBUG_INFORMATION_FORMAT = dwarf;
				ENABLE_STRICT_OBJC_MSGSEND = YES;
				ENABLE_TESTABILITY = YES;
				GCC_C_LANGUAGE_STANDARD = gnu99;
				GCC_DYNAMIC_NO_PIC = NO;
				GCC_NO_COMMON_BLOCKS = YES;
				GCC_OPTIMIZATION_LEVEL = 0;
				GCC_PREPROCESSOR_DEFINITIONS = (
					"DEBUG=1",
					"$(inherited)",
				);
				GCC_WARN_64_TO_32_BIT_CONVERSION = YES;
				GCC_WARN_ABOUT_RETURN_TYPE = YES_ERROR;
				GCC_WARN_UNDECLARED_SELECTOR = YES;
				GCC_WARN_UNINITIALIZED_AUTOS = YES_AGGRESSIVE;
				GCC_WARN_UNUSED_FUNCTION = YES;
				GCC_WARN_UNUSED_VARIABLE = YES;
				IPHONEOS_DEPLOYMENT_TARGET = 10.1;
				MTL_ENABLE_DEBUG_INFO = YES;
				ONLY_ACTIVE_ARCH = YES;
				SDKROOT = iphoneos;
			};
			name = Debug;
		};
		185DC0DD1E1C8A46009C0395 /* Release */ = {
			isa = XCBuildConfiguration;
			buildSettings = {
				ALWAYS_SEARCH_USER_PATHS = NO;
				CLANG_ANALYZER_NONNULL = YES;
				CLANG_CXX_LANGUAGE_STANDARD = "gnu++0x";
				CLANG_CXX_LIBRARY = "libc++";
				CLANG_ENABLE_MODULES = YES;
				CLANG_ENABLE_OBJC_ARC = YES;
				CLANG_WARN_BOOL_CONVERSION = YES;
				CLANG_WARN_CONSTANT_CONVERSION = YES;
				CLANG_WARN_DIRECT_OBJC_ISA_USAGE = YES_ERROR;
				CLANG_WARN_DOCUMENTATION_COMMENTS = YES;
				CLANG_WARN_EMPTY_BODY = YES;
				CLANG_WARN_ENUM_CONVERSION = YES;
				CLANG_WARN_INFINITE_RECURSION = YES;
				CLANG_WARN_INT_CONVERSION = YES;
				CLANG_WARN_OBJC_ROOT_CLASS = YES_ERROR;
				CLANG_WARN_SUSPICIOUS_MOVES = YES;
				CLANG_WARN_UNREACHABLE_CODE = YES;
				CLANG_WARN__DUPLICATE_METHOD_MATCH = YES;
				"CODE_SIGN_IDENTITY[sdk=iphoneos*]" = "iPhone Developer";
				COPY_PHASE_STRIP = NO;
				DEBUG_INFORMATION_FORMAT = "dwarf-with-dsym";
				ENABLE_NS_ASSERTIONS = NO;
				ENABLE_STRICT_OBJC_MSGSEND = YES;
				GCC_C_LANGUAGE_STANDARD = gnu99;
				GCC_NO_COMMON_BLOCKS = YES;
				GCC_WARN_64_TO_32_BIT_CONVERSION = YES;
				GCC_WARN_ABOUT_RETURN_TYPE = YES_ERROR;
				GCC_WARN_UNDECLARED_SELECTOR = YES;
				GCC_WARN_UNINITIALIZED_AUTOS = YES_AGGRESSIVE;
				GCC_WARN_UNUSED_FUNCTION = YES;
				GCC_WARN_UNUSED_VARIABLE = YES;
				IPHONEOS_DEPLOYMENT_TARGET = 10.1;
				MTL_ENABLE_DEBUG_INFO = NO;
				SDKROOT = iphoneos;
				VALIDATE_PRODUCT = YES;
			};
			name = Release;
		};
		185DC0DF1E1C8A46009C0395 /* Debug */ = {
			isa = XCBuildConfiguration;
			baseConfigurationReference = 79632DE4CC05FE7B43FE078F /* Pods-RobotControl.debug.xcconfig */;
			buildSettings = {
				ASSETCATALOG_COMPILER_APPICON_NAME = AppIcon;
				DEVELOPMENT_TEAM = CT8K7DG9ZK;
				GCC_PREFIX_HEADER = "$(SRCROOT)/RobotControl/PrefixHeader.pch";
				INFOPLIST_FILE = RobotControl/Info.plist;
				IPHONEOS_DEPLOYMENT_TARGET = 8.0;
				LD_RUNPATH_SEARCH_PATHS = "$(inherited) @executable_path/Frameworks";
				PRODUCT_BUNDLE_IDENTIFIER = com.dckj.RobotControl;
				PRODUCT_NAME = "$(TARGET_NAME)";
			};
			name = Debug;
		};
		185DC0E01E1C8A46009C0395 /* Release */ = {
			isa = XCBuildConfiguration;
			baseConfigurationReference = 7D6D0D267196545C8B6F8894 /* Pods-RobotControl.release.xcconfig */;
			buildSettings = {
				ASSETCATALOG_COMPILER_APPICON_NAME = AppIcon;
				DEVELOPMENT_TEAM = CT8K7DG9ZK;
				GCC_PREFIX_HEADER = "$(SRCROOT)/RobotControl/PrefixHeader.pch";
				INFOPLIST_FILE = RobotControl/Info.plist;
				IPHONEOS_DEPLOYMENT_TARGET = 8.0;
				LD_RUNPATH_SEARCH_PATHS = "$(inherited) @executable_path/Frameworks";
				PRODUCT_BUNDLE_IDENTIFIER = com.dckj.RobotControl;
				PRODUCT_NAME = "$(TARGET_NAME)";
			};
			name = Release;
		};
		185DC0E21E1C8A46009C0395 /* Debug */ = {
			isa = XCBuildConfiguration;
			buildSettings = {
				BUNDLE_LOADER = "$(TEST_HOST)";
				DEVELOPMENT_TEAM = CT8K7DG9ZK;
				INFOPLIST_FILE = RobotControlTests/Info.plist;
				LD_RUNPATH_SEARCH_PATHS = "$(inherited) @executable_path/Frameworks @loader_path/Frameworks";
				PRODUCT_BUNDLE_IDENTIFIER = com.dckj.RobotControlTests;
				PRODUCT_NAME = "$(TARGET_NAME)";
				TEST_HOST = "$(BUILT_PRODUCTS_DIR)/RobotControl.app/RobotControl";
			};
			name = Debug;
		};
		185DC0E31E1C8A46009C0395 /* Release */ = {
			isa = XCBuildConfiguration;
			buildSettings = {
				BUNDLE_LOADER = "$(TEST_HOST)";
				DEVELOPMENT_TEAM = CT8K7DG9ZK;
				INFOPLIST_FILE = RobotControlTests/Info.plist;
				LD_RUNPATH_SEARCH_PATHS = "$(inherited) @executable_path/Frameworks @loader_path/Frameworks";
				PRODUCT_BUNDLE_IDENTIFIER = com.dckj.RobotControlTests;
				PRODUCT_NAME = "$(TARGET_NAME)";
				TEST_HOST = "$(BUILT_PRODUCTS_DIR)/RobotControl.app/RobotControl";
			};
			name = Release;
		};
		185DC0E51E1C8A46009C0395 /* Debug */ = {
			isa = XCBuildConfiguration;
			buildSettings = {
				DEVELOPMENT_TEAM = CT8K7DG9ZK;
				INFOPLIST_FILE = RobotControlUITests/Info.plist;
				LD_RUNPATH_SEARCH_PATHS = "$(inherited) @executable_path/Frameworks @loader_path/Frameworks";
				PRODUCT_BUNDLE_IDENTIFIER = com.dckj.RobotControlUITests;
				PRODUCT_NAME = "$(TARGET_NAME)";
				TEST_TARGET_NAME = RobotControl;
			};
			name = Debug;
		};
		185DC0E61E1C8A46009C0395 /* Release */ = {
			isa = XCBuildConfiguration;
			buildSettings = {
				DEVELOPMENT_TEAM = CT8K7DG9ZK;
				INFOPLIST_FILE = RobotControlUITests/Info.plist;
				LD_RUNPATH_SEARCH_PATHS = "$(inherited) @executable_path/Frameworks @loader_path/Frameworks";
				PRODUCT_BUNDLE_IDENTIFIER = com.dckj.RobotControlUITests;
				PRODUCT_NAME = "$(TARGET_NAME)";
				TEST_TARGET_NAME = RobotControl;
			};
			name = Release;
		};
/* End XCBuildConfiguration section */

/* Begin XCConfigurationList section */
		185DC0AC1E1C8A46009C0395 /* Build configuration list for PBXProject "RobotControl" */ = {
			isa = XCConfigurationList;
			buildConfigurations = (
				185DC0DC1E1C8A46009C0395 /* Debug */,
				185DC0DD1E1C8A46009C0395 /* Release */,
			);
			defaultConfigurationIsVisible = 0;
			defaultConfigurationName = Release;
		};
		185DC0DE1E1C8A46009C0395 /* Build configuration list for PBXNativeTarget "RobotControl" */ = {
			isa = XCConfigurationList;
			buildConfigurations = (
				185DC0DF1E1C8A46009C0395 /* Debug */,
				185DC0E01E1C8A46009C0395 /* Release */,
			);
			defaultConfigurationIsVisible = 0;
			defaultConfigurationName = Release;
		};
		185DC0E11E1C8A46009C0395 /* Build configuration list for PBXNativeTarget "RobotControlTests" */ = {
			isa = XCConfigurationList;
			buildConfigurations = (
				185DC0E21E1C8A46009C0395 /* Debug */,
				185DC0E31E1C8A46009C0395 /* Release */,
			);
			defaultConfigurationIsVisible = 0;
			defaultConfigurationName = Release;
		};
		185DC0E41E1C8A46009C0395 /* Build configuration list for PBXNativeTarget "RobotControlUITests" */ = {
			isa = XCConfigurationList;
			buildConfigurations = (
				185DC0E51E1C8A46009C0395 /* Debug */,
				185DC0E61E1C8A46009C0395 /* Release */,
			);
			defaultConfigurationIsVisible = 0;
			defaultConfigurationName = Release;
		};
/* End XCConfigurationList section */
	};
	rootObject = 185DC0A91E1C8A46009C0395 /* Project object */;
}
